
Microsoft Visual Studio Solution File, Format Version 12.00
# Visual Studio Version 17
VisualStudioVersion = 17.9.34723.18
MinimumVisualStudioVersion = 10.0.40219.1
Project("{FAE04EC0-301F-11D3-BF4B-00C04F79EFBC}") = "GuessTheNumber", "GuessTheNumber\GuessTheNumber.csproj", "{9D10137E-5BDF-4A3F-9E45-3F9B9B311204}"
EndProject
Global
	GlobalSection(SolutionConfigurationPlatforms) = preSolution
		Debug|Any CPU = Debug|Any CPU
		Release|Any CPU = Release|Any CPU
	EndGlobalSection
	GlobalSection(ProjectConfigurationPlatforms) = postSolution
		{9D10137E-5BDF-4A3F-9E45-3F9B9B311204}.Debug|Any CPU.ActiveCfg = Debug|Any CPU
		{9D10137E-5BDF-4A3F-9E45-3F9B9B311204}.Debug|Any CPU.Build.0 = Debug|Any CPU
		{9D10137E-5BDF-4A3F-9E45-3F9B9B311204}.Release|Any CPU.ActiveCfg = Release|Any CPU
		{9D10137E-5BDF-4A3F-9E45-3F9B9B311204}.Release|Any CPU.Build.0 = Release|Any CPU
	EndGlobalSection
	GlobalSection(SolutionProperties) = preSolution
		HideSolutionNode = FALSE
	EndGlobalSection
	GlobalSection(ExtensibilityGlobals) = postSolution
		SolutionGuid = {D7E9F38E-804B-4B9B-939E-E355A6BD97D0}
	EndGlobalSection
EndGlobal
